{
    "_meta": {
        "hash": {
            "sha256": "4820f1d04933500e12f6b997eafb9b950de0866b97734ea2d12ab495d1b91bd5"
        },
        "pipfile-spec": 6,
        "requires": {
            "python_version": "3.6"
        },
        "sources": [
            {
                "name": "aliyun",
                "url": "http://mirrors.aliyun.com/pypi/simple/",
                "verify_ssl": false
            }
        ]
    },
    "default": {
        "asn1crypto": {
            "hashes": [
                "sha256:2f1adbb7546ed199e3c90ef23ec95c5cf3585bac7d11fb7eb562a3fe89c64e87",
                "sha256:9d5c20441baf0cb60a4ac34cc447c6c189024b6b4c6cd7877034f4965c464e49"
            ],
            "version": "==0.24.0"
        },
        "attrs": {
            "hashes": [
                "sha256:1c7960ccfd6a005cd9f7ba884e6316b5e430a3f1a6c37c5f87d8b43f83b54ec9",
                "sha256:a17a9573a6f475c99b551c0e0a812707ddda1ec9653bed04c13841404ed6f450"
            ],
            "version": "==17.4.0"
        },
        "automat": {
            "hashes": [
                "sha256:2140297df155f7990f6f4c73b2ab0583bd8150db9ed2a1b48122abe66e9908c1",
                "sha256:3c1fd04ecf08ac87b4dd3feae409542e9bf7827257097b2b6ed5692f69d6f6a8"
            ],
            "version": "==0.6.0"
        },
        "cffi": {
            "hashes": [
                "sha256:151b7eefd035c56b2b2e1eb9963c90c6302dc15fbd8c1c0a83a163ff2c7d7743",
                "sha256:1553d1e99f035ace1c0544050622b7bc963374a00c467edafac50ad7bd276aef",
                "sha256:1b0493c091a1898f1136e3f4f991a784437fac3673780ff9de3bcf46c80b6b50",
                "sha256:2ba8a45822b7aee805ab49abfe7eec16b90587f7f26df20c71dd89e45a97076f",
                "sha256:3c85641778460581c42924384f5e68076d724ceac0f267d66c757f7535069c93",
                "sha256:3eb6434197633b7748cea30bf0ba9f66727cdce45117a712b29a443943733257",
                "sha256:4c91af6e967c2015729d3e69c2e51d92f9898c330d6a851bf8f121236f3defd3",
                "sha256:770f3782b31f50b68627e22f91cb182c48c47c02eb405fd689472aa7b7aa16dc",
                "sha256:79f9b6f7c46ae1f8ded75f68cf8ad50e5729ed4d590c74840471fc2823457d04",
                "sha256:7a33145e04d44ce95bcd71e522b478d282ad0eafaf34fe1ec5bbd73e662f22b6",
                "sha256:857959354ae3a6fa3da6651b966d13b0a8bed6bbc87a0de7b38a549db1d2a359",
                "sha256:87f37fe5130574ff76c17cab61e7d2538a16f843bb7bca8ebbc4b12de3078596",
                "sha256:95d5251e4b5ca00061f9d9f3d6fe537247e145a8524ae9fd30a2f8fbce993b5b",
                "sha256:9d1d3e63a4afdc29bd76ce6aa9d58c771cd1599fbba8cf5057e7860b203710dd",
                "sha256:a36c5c154f9d42ec176e6e620cb0dd275744aa1d804786a71ac37dc3661a5e95",
                "sha256:ae5e35a2c189d397b91034642cb0eab0e346f776ec2eb44a49a459e6615d6e2e",
                "sha256:b0f7d4a3df8f06cf49f9f121bead236e328074de6449866515cea4907bbc63d6",
                "sha256:b75110fb114fa366b29a027d0c9be3709579602ae111ff61674d28c93606acca",
                "sha256:ba5e697569f84b13640c9e193170e89c13c6244c24400fc57e88724ef610cd31",
                "sha256:be2a9b390f77fd7676d80bc3cdc4f8edb940d8c198ed2d8c0be1319018c778e1",
                "sha256:d5d8555d9bfc3f02385c1c37e9f998e2011f0db4f90e250e5bc0c0a85a813085",
                "sha256:e55e22ac0a30023426564b1059b035973ec82186ddddbac867078435801c7801",
                "sha256:e90f17980e6ab0f3c2f3730e56d1fe9bcba1891eeea58966e89d352492cc74f4",
                "sha256:ecbb7b01409e9b782df5ded849c178a0aa7c906cf8c5a67368047daab282b184",
                "sha256:ed01918d545a38998bfa5902c7c00e0fee90e957ce036a4000a88e3fe2264917",
                "sha256:edabd457cd23a02965166026fd9bfd196f4324fe6032e866d0f3bd0301cd486f",
                "sha256:fdf1c1dc5bafc32bc5d08b054f94d659422b05aba244d6be4ddc1c72d9aa70fb"
            ],
            "markers": "platform_python_implementation != 'PyPy'",
            "version": "==1.11.5"
        },
        "constantly": {
            "hashes": [
                "sha256:586372eb92059873e29eba4f9dec8381541b4d3834660707faf8ba59146dfc35",
                "sha256:dd2fa9d6b1a51a83f0d7dd76293d734046aa176e384bf6e33b7e44880eb37c5d"
            ],
            "version": "==15.1.0"
        },
        "cryptography": {
            "hashes": [
                "sha256:0222f19fa29c609b4be4bc260db6ab9bfabca1b2626ebf97875cca21ac60d968",
                "sha256:064e820797b6992104041e74a32f912b4e4279da4e7821daa31b580de1fa910c",
                "sha256:0e426fcb6e6f9100b3e3373458888cc6deb5934e6c4a26996ad720de35bce276",
                "sha256:0f11c46e22bb4c2f6811ae408fb72e262116e864cf1e75d9503bd6a5ced04fb4",
                "sha256:252185cbe85c057796458f365425d45d7cd7f748ca53dbc906359a22e156cfd2",
                "sha256:2ec7cc10a65b6ea9efd46e9c6f247e01c707c92074d2ba0be5c2641defe858f7",
                "sha256:30427c764aa0fcc6983af78bcbd540e10a87a094cbe428006329c6666ce00db8",
                "sha256:527c096af06aa0620d3d361b17e6d314e9d4800ce53c2ad841d9fe5a82488acd",
                "sha256:8c0f5b4001fcaf742f9d74b483249d4675de2f837146baf8f2e4a7999993fcb4",
                "sha256:a0d0f1a7aebeb9a4145ee09a4667a7510caf97bd127c4b5d6332d013050a7567",
                "sha256:aead0332e00ae18045f3d4a8eea3891be095aa5bb3a74ea0affa49fe80c40ecd",
                "sha256:b323325ea2dcacfdf3ff8f82a1069ab9e65353cc433625c4ebe54ed70ced4137",
                "sha256:cc5a53061d65bc8f80b08645b32c814071630e763a897b0db72fbb0e170fc93f",
                "sha256:ee37235d837c9b6bdd921d396017b65df67c4c16befc1772be5266304fdaf427",
                "sha256:f1d2d8e808523bac32737d167f3b7370429a9e575d156e887779310e57e41b5d",
                "sha256:f5a0279e362c37e2150a32fe35ec20226e9237b6c9927fce8d53ef8e49e64f48",
                "sha256:f76e27b5a57337352b59b79a342264b9a8557dc11174e6ec222d0b5e266b132f"
            ],
            "version": "==2.2"
        },
        "cssselect": {
            "hashes": [
                "sha256:066d8bc5229af09617e24b3ca4d52f1f9092d9e061931f4184cd572885c23204",
                "sha256:3b5103e8789da9e936a68d993b70df732d06b8bb9a337a05ed4eb52c17ef7206"
            ],
            "version": "==1.0.3"
        },
        "hyperlink": {
            "hashes": [
                "sha256:98da4218a56b448c7ec7d2655cb339af1f7d751cf541469bb4fc28c4a4245b34",
                "sha256:f01b4ff744f14bc5d0a22a6b9f1525ab7d6312cb0ff967f59414bbac52f0a306"
            ],
            "version": "==18.0.0"
        },
        "idna": {
            "hashes": [
                "sha256:2c6a5de3089009e3da7c5dde64a141dbc8551d5b7f6cf4ed7c2568d0cc520a8f",
                "sha256:8c7309c718f94b3a625cb648ace320157ad16ff131ae0af362c9f21b80ef6ec4"
            ],
            "version": "==2.6"
        },
        "incremental": {
            "hashes": [
                "sha256:717e12246dddf231a349175f48d74d93e2897244939173b01974ab6661406b9f",
                "sha256:7b751696aaf36eebfab537e458929e194460051ccad279c72b755a167eebd4b3"
            ],
            "version": "==17.5.0"
        },
        "lxml": {
            "hashes": [
                "sha256:0aa44ffdeaaf6ba45d61980bb2c07e87d4dcac7a8b5b9d458124bc1adcda5233",
                "sha256:0af9c9267b1257319d49e9c1e9abbf92a99f965bee3c4733e0f0f7578985182d",
                "sha256:0cddc6cde79e1932efc71d9974a4418184ad0b8ca46c633ad772b2c5eaf36b3c",
                "sha256:124a9d529eec5e10f307eb237df3efc43dd1fb7ebdb5da5e480c4ed372648b6b",
                "sha256:1d1e45584353e4d563685874707fc8c85cdd11b0ef3b79d77bb38046134d68a9",
                "sha256:2812bc45a7f53f366217b76a1c53e6728fbfa7f7524d16a321ea8f7131428bd1",
                "sha256:29697224b2df76edf7c2de9bcd90a26dd28fe85c5fd7f0171cae84f8383b227e",
                "sha256:36ffb216e2f361a5a0a7e219aea6cd44da11c64061baed273944aae21223186c",
                "sha256:4626d699551f66687e5f7e7f9b79bfce611e12edebfb9fec276e2df8ec46541e",
                "sha256:4c21d7304d37715e6aed756e4d0c374c99c9bb1fa8d64f546b95474b17ac23de",
                "sha256:57be98177ce784495dff53f40620995ad0a56456246ed9d51977e595de58e12e",
                "sha256:62bfcd0629991e1c1257ffd28df2ab31a5c44da4c06823c26ec0f472723a84ca",
                "sha256:71ac6dac6835de75aaf531cae9ffa447dae0783ba1f43bf6eaccfad3680a5b9c",
                "sha256:7769ac9203ebe6d8db16904c54d57d77360fcc1926ed7afaa86b04050e4afa5b",
                "sha256:7d96fbb5f23a62300aa9bef7d286cd61aca8902357619c8708c0290aba5df73f",
                "sha256:88583c6565c9299f617238a500f1a47510bac54daff7872d6a343f13361b659e",
                "sha256:8f52c4c8f1cf15419193026e731f34a3260a3ce7977b875ba1eb2517b8a3f660",
                "sha256:95b82fdfdaac71640b281da6b9a2c3700177ba5190a786881b184de744ad55de",
                "sha256:988d55112f196e12341b7c5138841c2b4f21f871eaa8f138c6ac4c46f28899f9",
                "sha256:9e08918b744b89d30750eca8598f37ae75b16202870db678fde970d85afed3e3",
                "sha256:b46f31e806f6884bd1053ad1d78ecaca6d1bc5dd94a1b783a6ff0bb4b3a60962",
                "sha256:c18f316cad969111b1ff9e84c82fbc9ae6f25f35701118182d384585940cdf80",
                "sha256:cf63f590090404c52f179b7ceacb7cd549de3a1697bcfe2f79be180b2801d109",
                "sha256:d06260e6102b2f18dbee3736185cd6a2e1c88c0fad782bf8e9d7a7a1b24e02b0",
                "sha256:d0dc3e5737adcc9a23fd3d3d3072b887fefb48143309563f412ef7b0ebdfdb30",
                "sha256:dd98d4f88ce0abda2b02c1542d1de22dd342023f3ba09874bd95841283f29433",
                "sha256:eaa2d86fdb4aa0a51e16bd62be0cb5829af4719a71ae27f2c7f41dc6cde62c55",
                "sha256:f04b184984c23e0caac3c55eac2fe2dbb88726a5a1b35e23715eff6f29a4705c"
            ],
            "version": "==4.2.0"
        },
        "parsel": {
            "hashes": [
                "sha256:1a9ac0c1db8175547e1732be57ced2a2dc0714590f6b249d022ad25d918ef923",
                "sha256:2f3a6813a0ff39b6ca2530b9c1ad25d83e3a33808d93dd21fbf114c6232a16a8"
            ],
            "version": "==1.4.0"
        },
        "pyasn1": {
            "hashes": [
                "sha256:0d7f6e959fe53f3960a23d73f35e1fce61348b30915b6664309ca756de7c1f89",
                "sha256:d258b0a71994f7770599835249cece1caef3c70def868c4915e6e5ca49b67d15",
                "sha256:d5cd6ed995dba16fad0c521cfe31cd2d68400b53fcc2bce93326829be73ab6d1"
            ],
            "version": "==0.4.2"
        },
        "pyasn1-modules": {
            "hashes": [
                "sha256:0f2e50d20bc670be170966638fa0ae603f0bc9ed6ebe8e97a6d1d4cef30cc889",
                "sha256:47fb6757ab78fe966e7c58b2030b546854f78416d653163f0ce9290cf2278e8b",
                "sha256:af00ea8f2022b6287dc375b2c70f31ab5af83989fc6fe9eacd4976ce26cd7ccc"
            ],
            "version": "==0.2.1"
        },
        "pycparser": {
            "hashes": [
                "sha256:99a8ca03e29851d96616ad0404b4aad7d9ee16f25c9f9708a11faf2810f7b226"
            ],
            "version": "==2.18"
        },
        "pydispatcher": {
            "hashes": [
                "sha256:5570069e1b1769af1fe481de6dd1d3a388492acddd2cdad7a3bde145615d5caf",
                "sha256:5be4a8be12805ef7d712dd9a93284fb8bc53f309867e573f653a72e5fd10e433"
            ],
            "version": "==2.0.5"
        },
        "pyopenssl": {
            "hashes": [
                "sha256:07a2de1a54de07448732a81e38a55df7da109b2f47f599f8bb35b0cbec69d4bd",
                "sha256:2c10cfba46a52c0b0950118981d61e72c1e5b1aac451ca1bc77de1a679456773"
            ],
            "version": "==17.5.0"
        },
        "queuelib": {
            "hashes": [
                "sha256:42b413295551bdc24ed9376c1a2cd7d0b1b0fa4746b77b27ca2b797a276a1a17",
                "sha256:ff43b5b74b9266f8df4232a8f768dc4d67281a271905e2ed4a3689d4d304cd02"
            ],
            "version": "==1.5.0"
        },
        "scrapy": {
            "hashes": [
                "sha256:08d86737c560dcc1c4b73ac0ac5bd8d14b3e2265c1f7b195f0b73ab13741fe03",
                "sha256:31a0bf05d43198afaf3acfb9b4fb0c09c1d7d7ff641e58c66e36117f26c4b755"
            ],
            "index": "aliyun",
            "version": "==1.5.0"
        },
        "service-identity": {
            "hashes": [
                "sha256:0e76f3c042cc0f5c7e6da002cf646f59dc4023962d1d1166343ce53bdad39e17",
                "sha256:4001fbb3da19e0df22c47a06d29681a398473af4aa9d745eca525b3b2c2302ab"
            ],
            "version": "==17.0.0"
        },
        "six": {
            "hashes": [
                "sha256:70e8a77beed4562e7f14fe23a786b54f6296e34344c23bc42f07b15018ff98e9",
                "sha256:832dc0e10feb1aa2c68dcc57dbb658f1c7e65b9b61af69048abc87a2db00a0eb"
            ],
            "version": "==1.11.0"
        },
        "sqlalchemy": {
            "hashes": [
                "sha256:249000654107a420a40200f1e0b555a79dfd4eff235b2ff60bc77714bd045f2d"
            ],
            "index": "aliyun",
            "version": "==1.2.5"
        },
        "twisted": {
            "hashes": [
                "sha256:0da1a7e35d5fcae37bc9c7978970b5feb3bc82822155b8654ec63925c05af75c",
                "sha256:716805e624f9396fcc1f47e8aef68e629fd31599a74855b6e1636122c042458d",
                "sha256:7bc3cdfd1ca5e5b84c7936db3c2cb2feb7d5b77410e713fd346da095a3b6a1d2"
            ],
            "version": "==17.9.0"
        },
        "w3lib": {
            "hashes": [
                "sha256:55994787e93b411c2d659068b51b9998d9d0c05e0df188e6daf8f45836e1ea38",
                "sha256:aaf7362464532b1036ab0092e2eee78e8fd7b56787baa9ed4967457b083d011b"
            ],
            "version": "==1.19.0"
        },
        "zope.interface": {
            "hashes": [
                "sha256:11b068fc9916556f3820f38c2376c28d8e55e4a2c51c34915aaac38b75706d2e",
                "sha256:16fe824b3d93ee0629aa1f04848a1b515d6b5dc9e98cc7a04feaa35fdb0de5f1",
                "sha256:1d954d557b63124a65f2247ac6ed66fa36df18d1e8538d08c9b432e808a634de",
                "sha256:3d033abd27cd54157cf42a3bfd4d8c28d7fc5c6f775df3332307d2632a79925b",
                "sha256:4be05f79e952793f31a0c2d6a0672c81a3300315da587ce6a590357595217005",
                "sha256:4cb1c56b0356da9a33249ef77a688c47107f54191c12a0055d284b6bee7f447e",
                "sha256:5a8cc535f4212b134e66a3e1c6b93b19d453dbad0e2f89d0df2c01deefc8cad9",
                "sha256:5d8813e438ab67a793b09e1223742b757dd95a4a64d466855a53cb113cc9c9c4",
                "sha256:78321a6c0c8cc6ac928e44ef04d50384bc864a7f5e3c25b84110da2ede83739f",
                "sha256:88e3d54e88a601f45d03e2a062d5d16852d20e0863a92c19260ae72e2586378a",
                "sha256:8dfdc1588db31895f81bcba6c36dc981b4cf4a526c62eae3745bbfbe102477ef",
                "sha256:9902d5fc11309e17cdce6574243dc114b9c30de5c60ab53c90f6e3e962688565",
                "sha256:a16a3e07511fb6806bb48c8c661d38cdb91cd4bc6c2b6b0b173e72362ec1ceb4",
                "sha256:a21d69de2ee89fc59de93e7a43c0379ecedb5149739ff94e910c2bf0ca18e181",
                "sha256:a6375035a4b45d199a8b990e3a2f6b71906c318c56dfc14b2d58350b6ca59392",
                "sha256:aef398a5b92e70b8152d2c4850bad0fe185adb50d948f32d0bba5694d82b67c7",
                "sha256:b8f3491c9df4f0ffed32b275033e74041f420e5dcdefa4b1500d753c64ef42cf",
                "sha256:bd626cd76b7e5cbecac9d3e0dd8f98e3eada15ead95713238a523f877327633d",
                "sha256:d6d26d5dfbfd60c65152938fcb82f949e8dada37c041f72916fef6621ba5c5ce",
                "sha256:dec19181cf6af58ccb8ba3fa3ca9d4ec555b2f3cb31f589f6e86d15df0926c31",
                "sha256:f47d4138405eb67e5f059b9ab74e0a1147adc3277f5fe37d5bae5209b67e89e7",
                "sha256:f6868378fffbb8651f1f8a767d17e42aed39926c8f6bb9c56f184022fe6c2090",
                "sha256:ff20038fbc0e7ea050a7e28fcb8ae6ed8378a8d08ac70b848ea39960dda86bbf"
            ],
            "version": "==4.4.3"
        }
    },
    "develop": {}
}
